
Microsoft Visual Studio Solution File, Format Version 12.00
# Visual Studio Version 16
VisualStudioVersion = 16.0.31019.35
MinimumVisualStudioVersion = 10.0.40219.1
Project("{FAE04EC0-301F-11D3-BF4B-00C04F79EFBC}") = "Programacion II - Tarea 7", "Programacion II - Tarea 7\Programacion II - Tarea 7.csproj", "{4EAB6006-86B1-426B-A43A-303B97984E71}"
EndProject
Global
	GlobalSection(SolutionConfigurationPlatforms) = preSolution
		Debug|Any CPU = Debug|Any CPU
		Release|Any CPU = Release|Any CPU
	EndGlobalSection
	GlobalSection(ProjectConfigurationPlatforms) = postSolution
		{4EAB6006-86B1-426B-A43A-303B97984E71}.Debug|Any CPU.ActiveCfg = Debug|Any CPU
		{4EAB6006-86B1-426B-A43A-303B97984E71}.Debug|Any CPU.Build.0 = Debug|Any CPU
		{4EAB6006-86B1-426B-A43A-303B97984E71}.Release|Any CPU.ActiveCfg = Release|Any CPU
		{4EAB6006-86B1-426B-A43A-303B97984E71}.Release|Any CPU.Build.0 = Release|Any CPU
	EndGlobalSection
	GlobalSection(SolutionProperties) = preSolution
		HideSolutionNode = FALSE
	EndGlobalSection
	GlobalSection(ExtensibilityGlobals) = postSolution
		SolutionGuid = {8D2F9E95-FC99-4100-8F24-73F33F308B72}
	EndGlobalSection
EndGlobal
